
Microsoft Visual Studio Solution File, Format Version 12.00
# Visual Studio Version 16
VisualStudioVersion = 16.0.29806.167
MinimumVisualStudioVersion = 10.0.40219.1
Project("{9A19103F-16F7-4668-BE54-9A1E7A4F7556}") = "PortaCapena.OdooJsonRpcClient", "PortaCapena.OdooJsonRpcClient\PortaCapena.OdooJsonRpcClient.csproj", "{71528764-0A12-467E-AB4F-21F2E694A32B}"
EndProject
Project("{9A19103F-16F7-4668-BE54-9A1E7A4F7556}") = "PortaCapena.OdooJsonRpcClient.Tests", "PortaCapena.OdooJsonRpcClient.Tests\PortaCapena.OdooJsonRpcClient.Tests.csproj", "{974F781B-1B71-4805-8422-490915D28ABB}"
EndProject
Project("{9A19103F-16F7-4668-BE54-9A1E7A4F7556}") = "PortaCapena.OdooJsonRpcClient.Example", "PortaCapena.OdooJsonRpcClient.Example\PortaCapena.OdooJsonRpcClient.Example.csproj", "{051178E2-51C3-4617-A025-5CB6A5E38F14}"
EndProject
Project("{FAE04EC0-301F-11D3-BF4B-00C04F79EFBC}") = "PortaCapena.OdooJsonRpcClient.Shared", "PortaCapena.OdooJsonRpcClient.Shared\PortaCapena.OdooJsonRpcClient.Shared.csproj", "{77298CC5-411E-47AE-BABA-AA687C9EB7EE}"
EndProject
Global
	GlobalSection(SolutionConfigurationPlatforms) = preSolution
		Debug|Any CPU = Debug|Any CPU
		Release|Any CPU = Release|Any CPU
	EndGlobalSection
	GlobalSection(ProjectConfigurationPlatforms) = postSolution
		{71528764-0A12-467E-AB4F-21F2E694A32B}.Debug|Any CPU.ActiveCfg = Debug|Any CPU
		{71528764-0A12-467E-AB4F-21F2E694A32B}.Debug|Any CPU.Build.0 = Debug|Any CPU
		{71528764-0A12-467E-AB4F-21F2E694A32B}.Release|Any CPU.ActiveCfg = Release|Any CPU
		{71528764-0A12-467E-AB4F-21F2E694A32B}.Release|Any CPU.Build.0 = Release|Any CPU
		{974F781B-1B71-4805-8422-490915D28ABB}.Debug|Any CPU.ActiveCfg = Debug|Any CPU
		{974F781B-1B71-4805-8422-490915D28ABB}.Debug|Any CPU.Build.0 = Debug|Any CPU
		{974F781B-1B71-4805-8422-490915D28ABB}.Release|Any CPU.ActiveCfg = Release|Any CPU
		{974F781B-1B71-4805-8422-490915D28ABB}.Release|Any CPU.Build.0 = Release|Any CPU
		{051178E2-51C3-4617-A025-5CB6A5E38F14}.Debug|Any CPU.ActiveCfg = Debug|Any CPU
		{051178E2-51C3-4617-A025-5CB6A5E38F14}.Debug|Any CPU.Build.0 = Debug|Any CPU
		{051178E2-51C3-4617-A025-5CB6A5E38F14}.Release|Any CPU.ActiveCfg = Release|Any CPU
		{051178E2-51C3-4617-A025-5CB6A5E38F14}.Release|Any CPU.Build.0 = Release|Any CPU
		{77298CC5-411E-47AE-BABA-AA687C9EB7EE}.Debug|Any CPU.ActiveCfg = Debug|Any CPU
		{77298CC5-411E-47AE-BABA-AA687C9EB7EE}.Debug|Any CPU.Build.0 = Debug|Any CPU
		{77298CC5-411E-47AE-BABA-AA687C9EB7EE}.Release|Any CPU.ActiveCfg = Release|Any CPU
		{77298CC5-411E-47AE-BABA-AA687C9EB7EE}.Release|Any CPU.Build.0 = Release|Any CPU
	EndGlobalSection
	GlobalSection(SolutionProperties) = preSolution
		HideSolutionNode = FALSE
	EndGlobalSection
	GlobalSection(ExtensibilityGlobals) = postSolution
		SolutionGuid = {BB38E419-340B-47FE-AB76-4EB95888435B}
	EndGlobalSection
EndGlobal
